// !$*UTF8*$!
{
	archiveVersion = 1;
	classes = {
	};
	objectVersion = 56;
	objects = {

/* Begin PBXBuildFile section */
		A102177F2906380F0016E78E /* AppDelegate.swift in Sources */ = {isa = PBXBuildFile; fileRef = A102177E2906380F0016E78E /* AppDelegate.swift */; };
		A10217812906380F0016E78E /* SceneDelegate.swift in Sources */ = {isa = PBXBuildFile; fileRef = A10217802906380F0016E78E /* SceneDelegate.swift */; };
		A10217832906380F0016E78E /* ViewController.swift in Sources */ = {isa = PBXBuildFile; fileRef = A10217822906380F0016E78E /* ViewController.swift */; };
		A10217862906380F0016E78E /* Main.storyboard in Resources */ = {isa = PBXBuildFile; fileRef = A10217842906380F0016E78E /* Main.storyboard */; };
		A1021788290638110016E78E /* Assets.xcassets in Resources */ = {isa = PBXBuildFile; fileRef = A1021787290638110016E78E /* Assets.xcassets */; };
		A102178B290638110016E78E /* LaunchScreen.storyboard in Resources */ = {isa = PBXBuildFile; fileRef = A1021789290638110016E78E /* LaunchScreen.storyboard */; };
		A12845B3290F297F00E42F50 /* Roboto-Black.ttf in Resources */ = {isa = PBXBuildFile; fileRef = A12845B2290F10A000E42F50 /* Roboto-Black.ttf */; };
		A12845B4290F297F00E42F50 /* Roboto-BlackItalic.ttf in Resources */ = {isa = PBXBuildFile; fileRef = A12845AB290F10A000E42F50 /* Roboto-BlackItalic.ttf */; };
		A12845B5290F297F00E42F50 /* Roboto-Bold.ttf in Resources */ = {isa = PBXBuildFile; fileRef = A12845B0290F10A000E42F50 /* Roboto-Bold.ttf */; };
		A12845B6290F297F00E42F50 /* Roboto-BoldItalic.ttf in Resources */ = {isa = PBXBuildFile; fileRef = A12845A8290F10A000E42F50 /* Roboto-BoldItalic.ttf */; };
		A12845B7290F297F00E42F50 /* Roboto-Italic.ttf in Resources */ = {isa = PBXBuildFile; fileRef = A12845B1290F10A000E42F50 /* Roboto-Italic.ttf */; };
		A12845B8290F297F00E42F50 /* Roboto-Light.ttf in Resources */ = {isa = PBXBuildFile; fileRef = A12845A7290F10A000E42F50 /* Roboto-Light.ttf */; };
		A12845B9290F297F00E42F50 /* Roboto-LightItalic.ttf in Resources */ = {isa = PBXBuildFile; fileRef = A12845AA290F10A000E42F50 /* Roboto-LightItalic.ttf */; };
		A12845BA290F297F00E42F50 /* Roboto-Medium.ttf in Resources */ = {isa = PBXBuildFile; fileRef = A12845AE290F10A000E42F50 /* Roboto-Medium.ttf */; };
		A12845BB290F297F00E42F50 /* Roboto-MediumItalic.ttf in Resources */ = {isa = PBXBuildFile; fileRef = A12845AD290F10A000E42F50 /* Roboto-MediumItalic.ttf */; };
		A12845BC290F297F00E42F50 /* Roboto-Regular.ttf in Resources */ = {isa = PBXBuildFile; fileRef = A12845A9290F10A000E42F50 /* Roboto-Regular.ttf */; };
		A12845BD290F297F00E42F50 /* Roboto-Thin.ttf in Resources */ = {isa = PBXBuildFile; fileRef = A12845AC290F10A000E42F50 /* Roboto-Thin.ttf */; };
		A12845BE290F297F00E42F50 /* Roboto-ThinItalic.ttf in Resources */ = {isa = PBXBuildFile; fileRef = A12845AF290F10A000E42F50 /* Roboto-ThinItalic.ttf */; };
		A12845C02910A0C600E42F50 /* TabBarViewController.swift in Sources */ = {isa = PBXBuildFile; fileRef = A12845BF2910A0C600E42F50 /* TabBarViewController.swift */; };
		A12845C22910AFD900E42F50 /* GraphController.swift in Sources */ = {isa = PBXBuildFile; fileRef = A12845C12910AFD900E42F50 /* GraphController.swift */; };
		A14A1617291EF0CC00BE5D1F /* TabBarViewController2.swift in Sources */ = {isa = PBXBuildFile; fileRef = A14A1616291EF0CC00BE5D1F /* TabBarViewController2.swift */; };
		A14A1619291F286900BE5D1F /* GraphController2.swift in Sources */ = {isa = PBXBuildFile; fileRef = A14A1618291F286900BE5D1F /* GraphController2.swift */; };
		A14A161B291F2AB600BE5D1F /* DetailsController.swift in Sources */ = {isa = PBXBuildFile; fileRef = A14A161A291F2AB600BE5D1F /* DetailsController.swift */; };
		A14A161D291F2D1C00BE5D1F /* EventsController.swift in Sources */ = {isa = PBXBuildFile; fileRef = A14A161C291F2D1C00BE5D1F /* EventsController.swift */; };
		A14A161F291F442100BE5D1F /* EditController.swift in Sources */ = {isa = PBXBuildFile; fileRef = A14A161E291F442100BE5D1F /* EditController.swift */; };
		A18B6AF6291F546300ACB6DE /* HomeController2.swift in Sources */ = {isa = PBXBuildFile; fileRef = A18B6AF5291F546300ACB6DE /* HomeController2.swift */; };
/* End PBXBuildFile section */

/* Begin PBXFileReference section */
		A102177B2906380F0016E78E /* DASCOM.app */ = {isa = PBXFileReference; explicitFileType = wrapper.application; includeInIndex = 0; path = DASCOM.app; sourceTree = BUILT_PRODUCTS_DIR; };
		A102177E2906380F0016E78E /* AppDelegate.swift */ = {isa = PBXFileReference; lastKnownFileType = sourcecode.swift; path = AppDelegate.swift; sourceTree = "<group>"; };
		A10217802906380F0016E78E /* SceneDelegate.swift */ = {isa = PBXFileReference; lastKnownFileType = sourcecode.swift; path = SceneDelegate.swift; sourceTree = "<group>"; };
		A10217822906380F0016E78E /* ViewController.swift */ = {isa = PBXFileReference; lastKnownFileType = sourcecode.swift; path = ViewController.swift; sourceTree = "<group>"; };
		A10217852906380F0016E78E /* Base */ = {isa = PBXFileReference; lastKnownFileType = file.storyboard; name = Base; path = Base.lproj/Main.storyboard; sourceTree = "<group>"; };
		A1021787290638110016E78E /* Assets.xcassets */ = {isa = PBXFileReference; lastKnownFileType = folder.assetcatalog; path = Assets.xcassets; sourceTree = "<group>"; };
		A102178A290638110016E78E /* Base */ = {isa = PBXFileReference; lastKnownFileType = file.storyboard; name = Base; path = Base.lproj/LaunchScreen.storyboard; sourceTree = "<group>"; };
		A102178C290638110016E78E /* Info.plist */ = {isa = PBXFileReference; lastKnownFileType = text.plist.xml; path = Info.plist; sourceTree = "<group>"; };
		A12845A7290F10A000E42F50 /* Roboto-Light.ttf */ = {isa = PBXFileReference; lastKnownFileType = file; path = "Roboto-Light.ttf"; sourceTree = "<group>"; };
		A12845A8290F10A000E42F50 /* Roboto-BoldItalic.ttf */ = {isa = PBXFileReference; lastKnownFileType = file; path = "Roboto-BoldItalic.ttf"; sourceTree = "<group>"; };
		A12845A9290F10A000E42F50 /* Roboto-Regular.ttf */ = {isa = PBXFileReference; lastKnownFileType = file; path = "Roboto-Regular.ttf"; sourceTree = "<group>"; };
		A12845AA290F10A000E42F50 /* Roboto-LightItalic.ttf */ = {isa = PBXFileReference; lastKnownFileType = file; path = "Roboto-LightItalic.ttf"; sourceTree = "<group>"; };
		A12845AB290F10A000E42F50 /* Roboto-BlackItalic.ttf */ = {isa = PBXFileReference; lastKnownFileType = file; path = "Roboto-BlackItalic.ttf"; sourceTree = "<group>"; };
		A12845AC290F10A000E42F50 /* Roboto-Thin.ttf */ = {isa = PBXFileReference; lastKnownFileType = file; path = "Roboto-Thin.ttf"; sourceTree = "<group>"; };
		A12845AD290F10A000E42F50 /* Roboto-MediumItalic.ttf */ = {isa = PBXFileReference; lastKnownFileType = file; path = "Roboto-MediumItalic.ttf"; sourceTree = "<group>"; };
		A12845AE290F10A000E42F50 /* Roboto-Medium.ttf */ = {isa = PBXFileReference; lastKnownFileType = file; path = "Roboto-Medium.ttf"; sourceTree = "<group>"; };
		A12845AF290F10A000E42F50 /* Roboto-ThinItalic.ttf */ = {isa = PBXFileReference; lastKnownFileType = file; path = "Roboto-ThinItalic.ttf"; sourceTree = "<group>"; };
		A12845B0290F10A000E42F50 /* Roboto-Bold.ttf */ = {isa = PBXFileReference; lastKnownFileType = file; path = "Roboto-Bold.ttf"; sourceTree = "<group>"; };
		A12845B1290F10A000E42F50 /* Roboto-Italic.ttf */ = {isa = PBXFileReference; lastKnownFileType = file; path = "Roboto-Italic.ttf"; sourceTree = "<group>"; };
		A12845B2290F10A000E42F50 /* Roboto-Black.ttf */ = {isa = PBXFileReference; lastKnownFileType = file; path = "Roboto-Black.ttf"; sourceTree = "<group>"; };
		A12845BF2910A0C600E42F50 /* TabBarViewController.swift */ = {isa = PBXFileReference; lastKnownFileType = sourcecode.swift; path = TabBarViewController.swift; sourceTree = "<group>"; };
		A12845C12910AFD900E42F50 /* GraphController.swift */ = {isa = PBXFileReference; lastKnownFileType = sourcecode.swift; path = GraphController.swift; sourceTree = "<group>"; };
		A14A1616291EF0CC00BE5D1F /* TabBarViewController2.swift */ = {isa = PBXFileReference; lastKnownFileType = sourcecode.swift; path = TabBarViewController2.swift; sourceTree = "<group>"; };
		A14A1618291F286900BE5D1F /* GraphController2.swift */ = {isa = PBXFileReference; lastKnownFileType = sourcecode.swift; path = GraphController2.swift; sourceTree = "<group>"; };
		A14A161A291F2AB600BE5D1F /* DetailsController.swift */ = {isa = PBXFileReference; lastKnownFileType = sourcecode.swift; path = DetailsController.swift; sourceTree = "<group>"; };
		A14A161C291F2D1C00BE5D1F /* EventsController.swift */ = {isa = PBXFileReference; lastKnownFileType = sourcecode.swift; path = EventsController.swift; sourceTree = "<group>"; };
		A14A161E291F442100BE5D1F /* EditController.swift */ = {isa = PBXFileReference; lastKnownFileType = sourcecode.swift; path = EditController.swift; sourceTree = "<group>"; };
		A18B6AF5291F546300ACB6DE /* HomeController2.swift */ = {isa = PBXFileReference; lastKnownFileType = sourcecode.swift; path = HomeController2.swift; sourceTree = "<group>"; };
/* End PBXFileReference section */

/* Begin PBXFrameworksBuildPhase section */
		A10217782906380F0016E78E /* Frameworks */ = {
			isa = PBXFrameworksBuildPhase;
			buildActionMask = 2147483647;
			files = (
			);
			runOnlyForDeploymentPostprocessing = 0;
		};
/* End PBXFrameworksBuildPhase section */

/* Begin PBXGroup section */
		A10217722906380F0016E78E = {
			isa = PBXGroup;
			children = (
				A102177D2906380F0016E78E /* DASCOM */,
				A102177C2906380F0016E78E /* Products */,
			);
			sourceTree = "<group>";
		};
		A102177C2906380F0016E78E /* Products */ = {
			isa = PBXGroup;
			children = (
				A102177B2906380F0016E78E /* DASCOM.app */,
			);
			name = Products;
			sourceTree = "<group>";
		};
		A102177D2906380F0016E78E /* DASCOM */ = {
			isa = PBXGroup;
			children = (
				A102177E2906380F0016E78E /* AppDelegate.swift */,
				A10217802906380F0016E78E /* SceneDelegate.swift */,
				A10217822906380F0016E78E /* ViewController.swift */,
				A12845BF2910A0C600E42F50 /* TabBarViewController.swift */,
				A12845C12910AFD900E42F50 /* GraphController.swift */,
				A14A1616291EF0CC00BE5D1F /* TabBarViewController2.swift */,
				A14A1618291F286900BE5D1F /* GraphController2.swift */,
				A14A161A291F2AB600BE5D1F /* DetailsController.swift */,
				A14A161C291F2D1C00BE5D1F /* EventsController.swift */,
				A14A161E291F442100BE5D1F /* EditController.swift */,
				A18B6AF5291F546300ACB6DE /* HomeController2.swift */,
				A10217842906380F0016E78E /* Main.storyboard */,
				A1021787290638110016E78E /* Assets.xcassets */,
				A1021789290638110016E78E /* LaunchScreen.storyboard */,
				A102178C290638110016E78E /* Info.plist */,
				A12845B2290F10A000E42F50 /* Roboto-Black.ttf */,
				A12845AB290F10A000E42F50 /* Roboto-BlackItalic.ttf */,
				A12845B0290F10A000E42F50 /* Roboto-Bold.ttf */,
				A12845A8290F10A000E42F50 /* Roboto-BoldItalic.ttf */,
				A12845B1290F10A000E42F50 /* Roboto-Italic.ttf */,
				A12845A7290F10A000E42F50 /* Roboto-Light.ttf */,
				A12845AA290F10A000E42F50 /* Roboto-LightItalic.ttf */,
				A12845AE290F10A000E42F50 /* Roboto-Medium.ttf */,
				A12845AD290F10A000E42F50 /* Roboto-MediumItalic.ttf */,
				A12845A9290F10A000E42F50 /* Roboto-Regular.ttf */,
				A12845AC290F10A000E42F50 /* Roboto-Thin.ttf */,
				A12845AF290F10A000E42F50 /* Roboto-ThinItalic.ttf */,
			);
			path = DASCOM;
			sourceTree = "<group>";
		};
/* End PBXGroup section */

/* Begin PBXNativeTarget section */
		A102177A2906380F0016E78E /* DASCOM */ = {
			isa = PBXNativeTarget;
			buildConfigurationList = A102178F290638110016E78E /* Build configuration list for PBXNativeTarget "DASCOM" */;
			buildPhases = (
				A10217772906380F0016E78E /* Sources */,
				A10217782906380F0016E78E /* Frameworks */,
				A10217792906380F0016E78E /* Resources */,
			);
			buildRules = (
			);
			dependencies = (
			);
			name = DASCOM;
			productName = DASCOM;
			productReference = A102177B2906380F0016E78E /* DASCOM.app */;
			productType = "com.apple.product-type.application";
		};
/* End PBXNativeTarget section */

/* Begin PBXProject section */
		A10217732906380F0016E78E /* Project object */ = {
			isa = PBXProject;
			attributes = {
				BuildIndependentTargetsInParallel = 1;
				LastSwiftUpdateCheck = 1400;
				LastUpgradeCheck = 1400;
				TargetAttributes = {
					A102177A2906380F0016E78E = {
						CreatedOnToolsVersion = 14.0.1;
					};
				};
			};
			buildConfigurationList = A10217762906380F0016E78E /* Build configuration list for PBXProject "DASCOM" */;
			compatibilityVersion = "Xcode 14.0";
			developmentRegion = en;
			hasScannedForEncodings = 0;
			knownRegions = (
				en,
				Base,
			);
			mainGroup = A10217722906380F0016E78E;
			productRefGroup = A102177C2906380F0016E78E /* Products */;
			projectDirPath = "";
			projectRoot = "";
			targets = (
				A102177A2906380F0016E78E /* DASCOM */,
			);
		};
/* End PBXProject section */

/* Begin PBXResourcesBuildPhase section */
		A10217792906380F0016E78E /* Resources */ = {
			isa = PBXResourcesBuildPhase;
			buildActionMask = 2147483647;
			files = (
				A12845B3290F297F00E42F50 /* Roboto-Black.ttf in Resources */,
				A12845B4290F297F00E42F50 /* Roboto-BlackItalic.ttf in Resources */,
				A12845B5290F297F00E42F50 /* Roboto-Bold.ttf in Resources */,
				A12845B6290F297F00E42F50 /* Roboto-BoldItalic.ttf in Resources */,
				A12845B7290F297F00E42F50 /* Roboto-Italic.ttf in Resources */,
				A12845B8290F297F00E42F50 /* Roboto-Light.ttf in Resources */,
				A12845B9290F297F00E42F50 /* Roboto-LightItalic.ttf in Resources */,
				A12845BA290F297F00E42F50 /* Roboto-Medium.ttf in Resources */,
				A12845BB290F297F00E42F50 /* Roboto-MediumItalic.ttf in Resources */,
				A12845BC290F297F00E42F50 /* Roboto-Regular.ttf in Resources */,
				A12845BD290F297F00E42F50 /* Roboto-Thin.ttf in Resources */,
				A12845BE290F297F00E42F50 /* Roboto-ThinItalic.ttf in Resources */,
				A102178B290638110016E78E /* LaunchScreen.storyboard in Resources */,
				A1021788290638110016E78E /* Assets.xcassets in Resources */,
				A10217862906380F0016E78E /* Main.storyboard in Resources */,
			);
			runOnlyForDeploymentPostprocessing = 0;
		};
/* End PBXResourcesBuildPhase section */

/* Begin PBXSourcesBuildPhase section */
		A10217772906380F0016E78E /* Sources */ = {
			isa = PBXSourcesBuildPhase;
			buildActionMask = 2147483647;
			files = (
				A12845C02910A0C600E42F50 /* TabBarViewController.swift in Sources */,
				A14A1619291F286900BE5D1F /* GraphController2.swift in Sources */,
				A14A1617291EF0CC00BE5D1F /* TabBarViewController2.swift in Sources */,
				A14A161D291F2D1C00BE5D1F /* EventsController.swift in Sources */,
				A10217832906380F0016E78E /* ViewController.swift in Sources */,
				A14A161F291F442100BE5D1F /* EditController.swift in Sources */,
				A14A161B291F2AB600BE5D1F /* DetailsController.swift in Sources */,
				A102177F2906380F0016E78E /* AppDelegate.swift in Sources */,
				A18B6AF6291F546300ACB6DE /* HomeController2.swift in Sources */,
				A12845C22910AFD900E42F50 /* GraphController.swift in Sources */,
				A10217812906380F0016E78E /* SceneDelegate.swift in Sources */,
			);
			runOnlyForDeploymentPostprocessing = 0;
		};
/* End PBXSourcesBuildPhase section */

/* Begin PBXVariantGroup section */
		A10217842906380F0016E78E /* Main.storyboard */ = {
			isa = PBXVariantGroup;
			children = (
				A10217852906380F0016E78E /* Base */,
			);
			name = Main.storyboard;
			sourceTree = "<group>";
		};
		A1021789290638110016E78E /* LaunchScreen.storyboard */ = {
			isa = PBXVariantGroup;
			children = (
				A102178A290638110016E78E /* Base */,
			);
			name = LaunchScreen.storyboard;
			sourceTree = "<group>";
		};
/* End PBXVariantGroup section */

/* Begin XCBuildConfiguration section */
		A102178D290638110016E78E /* Debug */ = {
			isa = XCBuildConfiguration;
			buildSettings = {
				ALWAYS_SEARCH_USER_PATHS = NO;
				CLANG_ANALYZER_NONNULL = YES;
				CLANG_ANALYZER_NUMBER_OBJECT_CONVERSION = YES_AGGRESSIVE;
				CLANG_CXX_LANGUAGE_STANDARD = "gnu++20";
				CLANG_ENABLE_MODULES = YES;
				CLANG_ENABLE_OBJC_ARC = YES;
				CLANG_ENABLE_OBJC_WEAK = YES;
				CLANG_WARN_BLOCK_CAPTURE_AUTORELEASING = YES;
				CLANG_WARN_BOOL_CONVERSION = YES;
				CLANG_WARN_COMMA = YES;
				CLANG_WARN_CONSTANT_CONVERSION = YES;
				CLANG_WARN_DEPRECATED_OBJC_IMPLEMENTATIONS = YES;
				CLANG_WARN_DIRECT_OBJC_ISA_USAGE = YES_ERROR;
				CLANG_WARN_DOCUMENTATION_COMMENTS = YES;
				CLANG_WARN_EMPTY_BODY = YES;
				CLANG_WARN_ENUM_CONVERSION = YES;
				CLANG_WARN_INFINITE_RECURSION = YES;
				CLANG_WARN_INT_CONVERSION = YES;
				CLANG_WARN_NON_LITERAL_NULL_CONVERSION = YES;
				CLANG_WARN_OBJC_IMPLICIT_RETAIN_SELF = YES;
				CLANG_WARN_OBJC_LITERAL_CONVERSION = YES;
				CLANG_WARN_OBJC_ROOT_CLASS = YES_ERROR;
				CLANG_WARN_QUOTED_INCLUDE_IN_FRAMEWORK_HEADER = YES;
				CLANG_WARN_RANGE_LOOP_ANALYSIS = YES;
				CLANG_WARN_STRICT_PROTOTYPES = YES;
				CLANG_WARN_SUSPICIOUS_MOVE = YES;
				CLANG_WARN_UNGUARDED_AVAILABILITY = YES_AGGRESSIVE;
				CLANG_WARN_UNREACHABLE_CODE = YES;
				CLANG_WARN__DUPLICATE_METHOD_MATCH = YES;
				COPY_PHASE_STRIP = NO;
				DEBUG_INFORMATION_FORMAT = dwarf;
				ENABLE_STRICT_OBJC_MSGSEND = YES;
				ENABLE_TESTABILITY = YES;
				GCC_C_LANGUAGE_STANDARD = gnu11;
				GCC_DYNAMIC_NO_PIC = NO;
				GCC_NO_COMMON_BLOCKS = YES;
				GCC_OPTIMIZATION_LEVEL = 0;
				GCC_PREPROCESSOR_DEFINITIONS = (
					"DEBUG=1",
					"$(inherited)",
				);
				GCC_WARN_64_TO_32_BIT_CONVERSION = YES;
				GCC_WARN_ABOUT_RETURN_TYPE = YES_ERROR;
				GCC_WARN_UNDECLARED_SELECTOR = YES;
				GCC_WARN_UNINITIALIZED_AUTOS = YES_AGGRESSIVE;
				GCC_WARN_UNUSED_FUNCTION = YES;
				GCC_WARN_UNUSED_VARIABLE = YES;
				IPHONEOS_DEPLOYMENT_TARGET = 16.0;
				MTL_ENABLE_DEBUG_INFO = INCLUDE_SOURCE;
				MTL_FAST_MATH = YES;
				ONLY_ACTIVE_ARCH = YES;
				SDKROOT = iphoneos;
				SWIFT_ACTIVE_COMPILATION_CONDITIONS = DEBUG;
				SWIFT_OPTIMIZATION_LEVEL = "-Onone";
			};
			name = Debug;
		};
		A102178E290638110016E78E /* Release */ = {
			isa = XCBuildConfiguration;
			buildSettings = {
				ALWAYS_SEARCH_USER_PATHS = NO;
				CLANG_ANALYZER_NONNULL = YES;
				CLANG_ANALYZER_NUMBER_OBJECT_CONVERSION = YES_AGGRESSIVE;
				CLANG_CXX_LANGUAGE_STANDARD = "gnu++20";
				CLANG_ENABLE_MODULES = YES;
				CLANG_ENABLE_OBJC_ARC = YES;
				CLANG_ENABLE_OBJC_WEAK = YES;
				CLANG_WARN_BLOCK_CAPTURE_AUTORELEASING = YES;
				CLANG_WARN_BOOL_CONVERSION = YES;
				CLANG_WARN_COMMA = YES;
				CLANG_WARN_CONSTANT_CONVERSION = YES;
				CLANG_WARN_DEPRECATED_OBJC_IMPLEMENTATIONS = YES;
				CLANG_WARN_DIRECT_OBJC_ISA_USAGE = YES_ERROR;
				CLANG_WARN_DOCUMENTATION_COMMENTS = YES;
				CLANG_WARN_EMPTY_BODY = YES;
				CLANG_WARN_ENUM_CONVERSION = YES;
				CLANG_WARN_INFINITE_RECURSION = YES;
				CLANG_WARN_INT_CONVERSION = YES;
				CLANG_WARN_NON_LITERAL_NULL_CONVERSION = YES;
				CLANG_WARN_OBJC_IMPLICIT_RETAIN_SELF = YES;
				CLANG_WARN_OBJC_LITERAL_CONVERSION = YES;
				CLANG_WARN_OBJC_ROOT_CLASS = YES_ERROR;
				CLANG_WARN_QUOTED_INCLUDE_IN_FRAMEWORK_HEADER = YES;
				CLANG_WARN_RANGE_LOOP_ANALYSIS = YES;
				CLANG_WARN_STRICT_PROTOTYPES = YES;
				CLANG_WARN_SUSPICIOUS_MOVE = YES;
				CLANG_WARN_UNGUARDED_AVAILABILITY = YES_AGGRESSIVE;
				CLANG_WARN_UNREACHABLE_CODE = YES;
				CLANG_WARN__DUPLICATE_METHOD_MATCH = YES;
				COPY_PHASE_STRIP = NO;
				DEBUG_INFORMATION_FORMAT = "dwarf-with-dsym";
				ENABLE_NS_ASSERTIONS = NO;
				ENABLE_STRICT_OBJC_MSGSEND = YES;
				GCC_C_LANGUAGE_STANDARD = gnu11;
				GCC_NO_COMMON_BLOCKS = YES;
				GCC_WARN_64_TO_32_BIT_CONVERSION = YES;
				GCC_WARN_ABOUT_RETURN_TYPE = YES_ERROR;
				GCC_WARN_UNDECLARED_SELECTOR = YES;
				GCC_WARN_UNINITIALIZED_AUTOS = YES_AGGRESSIVE;
				GCC_WARN_UNUSED_FUNCTION = YES;
				GCC_WARN_UNUSED_VARIABLE = YES;
				IPHONEOS_DEPLOYMENT_TARGET = 16.0;
				MTL_ENABLE_DEBUG_INFO = NO;
				MTL_FAST_MATH = YES;
				SDKROOT = iphoneos;
				SWIFT_COMPILATION_MODE = wholemodule;
				SWIFT_OPTIMIZATION_LEVEL = "-O";
				VALIDATE_PRODUCT = YES;
			};
			name = Release;
		};
		A1021790290638110016E78E /* Debug */ = {
			isa = XCBuildConfiguration;
			buildSettings = {
				ASSETCATALOG_COMPILER_APPICON_NAME = AppIcon;
				ASSETCATALOG_COMPILER_GLOBAL_ACCENT_COLOR_NAME = AccentColor;
				CODE_SIGN_STYLE = Automatic;
				CURRENT_PROJECT_VERSION = 1;
				DEVELOPMENT_TEAM = 22LZLLK368;
				GENERATE_INFOPLIST_FILE = YES;
				INFOPLIST_FILE = DASCOM/Info.plist;
				INFOPLIST_KEY_UIApplicationSupportsIndirectInputEvents = YES;
				INFOPLIST_KEY_UILaunchStoryboardName = LaunchScreen;
				INFOPLIST_KEY_UIMainStoryboardFile = Main;
				INFOPLIST_KEY_UISupportedInterfaceOrientations_iPad = "UIInterfaceOrientationPortrait UIInterfaceOrientationPortraitUpsideDown UIInterfaceOrientationLandscapeLeft UIInterfaceOrientationLandscapeRight";
				INFOPLIST_KEY_UISupportedInterfaceOrientations_iPhone = "UIInterfaceOrientationPortrait UIInterfaceOrientationLandscapeLeft UIInterfaceOrientationLandscapeRight";
				IPHONEOS_DEPLOYMENT_TARGET = 15.2;
				LD_RUNPATH_SEARCH_PATHS = (
					"$(inherited)",
					"@executable_path/Frameworks",
				);
				MARKETING_VERSION = 1.0;
				PRODUCT_BUNDLE_IDENTIFIER = AlbertGo.DASCOM;
				PRODUCT_NAME = "$(TARGET_NAME)";
				SWIFT_EMIT_LOC_STRINGS = YES;
				SWIFT_VERSION = 5.0;
				TARGETED_DEVICE_FAMILY = "1,2";
			};
			name = Debug;
		};
		A1021791290638110016E78E /* Release */ = {
			isa = XCBuildConfiguration;
			buildSettings = {
				ASSETCATALOG_COMPILER_APPICON_NAME = AppIcon;
				ASSETCATALOG_COMPILER_GLOBAL_ACCENT_COLOR_NAME = AccentColor;
				CODE_SIGN_STYLE = Automatic;
				CURRENT_PROJECT_VERSION = 1;
				DEVELOPMENT_TEAM = 22LZLLK368;
				GENERATE_INFOPLIST_FILE = YES;
				INFOPLIST_FILE = DASCOM/Info.plist;
				INFOPLIST_KEY_UIApplicationSupportsIndirectInputEvents = YES;
				INFOPLIST_KEY_UILaunchStoryboardName = LaunchScreen;
				INFOPLIST_KEY_UIMainStoryboardFile = Main;
				INFOPLIST_KEY_UISupportedInterfaceOrientations_iPad = "UIInterfaceOrientationPortrait UIInterfaceOrientationPortraitUpsideDown UIInterfaceOrientationLandscapeLeft UIInterfaceOrientationLandscapeRight";
				INFOPLIST_KEY_UISupportedInterfaceOrientations_iPhone = "UIInterfaceOrientationPortrait UIInterfaceOrientationLandscapeLeft UIInterfaceOrientationLandscapeRight";
				IPHONEOS_DEPLOYMENT_TARGET = 15.2;
				LD_RUNPATH_SEARCH_PATHS = (
					"$(inherited)",
					"@executable_path/Frameworks",
				);
				MARKETING_VERSION = 1.0;
				PRODUCT_BUNDLE_IDENTIFIER = AlbertGo.DASCOM;
				PRODUCT_NAME = "$(TARGET_NAME)";
				SWIFT_EMIT_LOC_STRINGS = YES;
				SWIFT_VERSION = 5.0;
				TARGETED_DEVICE_FAMILY = "1,2";
			};
			name = Release;
		};
/* End XCBuildConfiguration section */

/* Begin XCConfigurationList section */
		A10217762906380F0016E78E /* Build configuration list for PBXProject "DASCOM" */ = {
			isa = XCConfigurationList;
			buildConfigurations = (
				A102178D290638110016E78E /* Debug */,
				A102178E290638110016E78E /* Release */,
			);
			defaultConfigurationIsVisible = 0;
			defaultConfigurationName = Release;
		};
		A102178F290638110016E78E /* Build configuration list for PBXNativeTarget "DASCOM" */ = {
			isa = XCConfigurationList;
			buildConfigurations = (
				A1021790290638110016E78E /* Debug */,
				A1021791290638110016E78E /* Release */,
			);
			defaultConfigurationIsVisible = 0;
			defaultConfigurationName = Release;
		};
/* End XCConfigurationList section */
	};
	rootObject = A10217732906380F0016E78E /* Project object */;
}
